
Microsoft Visual Studio Solution File, Format Version 12.00
# Visual Studio Version 16
VisualStudioVersion = 16.0.31702.278
MinimumVisualStudioVersion = 10.0.40219.1
Project("{8BC9CEB8-8B4A-11D0-8D11-00A0C91BC942}") = "classChallengeSubmission", "classChallengeSubmission.vcxproj", "{2EF6E83E-2330-49BA-B036-191D7E51A5AA}"
EndProject
Global
	GlobalSection(SolutionConfigurationPlatforms) = preSolution
		Debug|x64 = Debug|x64
		Debug|x86 = Debug|x86
		Release|x64 = Release|x64
		Release|x86 = Release|x86
	EndGlobalSection
	GlobalSection(ProjectConfigurationPlatforms) = postSolution
		{2EF6E83E-2330-49BA-B036-191D7E51A5AA}.Debug|x64.ActiveCfg = Debug|x64
		{2EF6E83E-2330-49BA-B036-191D7E51A5AA}.Debug|x64.Build.0 = Debug|x64
		{2EF6E83E-2330-49BA-B036-191D7E51A5AA}.Debug|x86.ActiveCfg = Debug|Win32
		{2EF6E83E-2330-49BA-B036-191D7E51A5AA}.Debug|x86.Build.0 = Debug|Win32
		{2EF6E83E-2330-49BA-B036-191D7E51A5AA}.Release|x64.ActiveCfg = Release|x64
		{2EF6E83E-2330-49BA-B036-191D7E51A5AA}.Release|x64.Build.0 = Release|x64
		{2EF6E83E-2330-49BA-B036-191D7E51A5AA}.Release|x86.ActiveCfg = Release|Win32
		{2EF6E83E-2330-49BA-B036-191D7E51A5AA}.Release|x86.Build.0 = Release|Win32
	EndGlobalSection
	GlobalSection(SolutionProperties) = preSolution
		HideSolutionNode = FALSE
	EndGlobalSection
	GlobalSection(ExtensibilityGlobals) = postSolution
		SolutionGuid = {FEE88086-3739-4A28-941F-2828AB51A805}
	EndGlobalSection
EndGlobal
